
Microsoft Visual Studio Solution File, Format Version 12.00
# Visual Studio 15
VisualStudioVersion = 15.0.26403.7
MinimumVisualStudioVersion = 10.0.40219.1
Project("{9A19103F-16F7-4668-BE54-9A1E7A4F7556}") = "mustache-sharp-core", "mustache-sharp\mustache-sharp-core.csproj", "{E5681FAB-7A46-4172-82B1-70E5FF700C2A}"
EndProject
Project("{9A19103F-16F7-4668-BE54-9A1E7A4F7556}") = "mustache-sharp-core.test", "mustache-sharp.test\mustache-sharp-core.test.csproj", "{659734AC-5E83-47C8-AEC6-50FB7B6CBA72}"
EndProject
Global
	GlobalSection(SolutionConfigurationPlatforms) = preSolution
		Debug|Any CPU = Debug|Any CPU
		Release|Any CPU = Release|Any CPU
	EndGlobalSection
	GlobalSection(ProjectConfigurationPlatforms) = postSolution
		{E5681FAB-7A46-4172-82B1-70E5FF700C2A}.Debug|Any CPU.ActiveCfg = Debug|Any CPU
		{E5681FAB-7A46-4172-82B1-70E5FF700C2A}.Debug|Any CPU.Build.0 = Debug|Any CPU
		{E5681FAB-7A46-4172-82B1-70E5FF700C2A}.Release|Any CPU.ActiveCfg = Release|Any CPU
		{E5681FAB-7A46-4172-82B1-70E5FF700C2A}.Release|Any CPU.Build.0 = Release|Any CPU
		{659734AC-5E83-47C8-AEC6-50FB7B6CBA72}.Debug|Any CPU.ActiveCfg = Debug|Any CPU
		{659734AC-5E83-47C8-AEC6-50FB7B6CBA72}.Debug|Any CPU.Build.0 = Debug|Any CPU
		{659734AC-5E83-47C8-AEC6-50FB7B6CBA72}.Release|Any CPU.ActiveCfg = Release|Any CPU
		{659734AC-5E83-47C8-AEC6-50FB7B6CBA72}.Release|Any CPU.Build.0 = Release|Any CPU
	EndGlobalSection
	GlobalSection(SolutionProperties) = preSolution
		HideSolutionNode = FALSE
	EndGlobalSection
EndGlobal
