
Microsoft Visual Studio Solution File, Format Version 12.00
# Visual Studio 15
VisualStudioVersion = 15.0.27703.2042
MinimumVisualStudioVersion = 10.0.40219.1
Project("{9A19103F-16F7-4668-BE54-9A1E7A4F7556}") = "MustacheSharp", "MustacheSharp\MustacheSharp.csproj", "{3013083D-0FB2-4A71-AFD7-6B7875112553}"
EndProject
Project("{FAE04EC0-301F-11D3-BF4B-00C04F79EFBC}") = "MustacheSharp.Tests", "MustacheSharp.Tests\MustacheSharp.Tests.csproj", "{AFCE0299-A701-4648-9D3D-CC0084F85259}"
EndProject
Global
	GlobalSection(SolutionConfigurationPlatforms) = preSolution
		Debug|Any CPU = Debug|Any CPU
		Release|Any CPU = Release|Any CPU
	EndGlobalSection
	GlobalSection(ProjectConfigurationPlatforms) = postSolution
		{3013083D-0FB2-4A71-AFD7-6B7875112553}.Debug|Any CPU.ActiveCfg = Debug|Any CPU
		{3013083D-0FB2-4A71-AFD7-6B7875112553}.Debug|Any CPU.Build.0 = Debug|Any CPU
		{3013083D-0FB2-4A71-AFD7-6B7875112553}.Release|Any CPU.ActiveCfg = Release|Any CPU
		{3013083D-0FB2-4A71-AFD7-6B7875112553}.Release|Any CPU.Build.0 = Release|Any CPU
		{AFCE0299-A701-4648-9D3D-CC0084F85259}.Debug|Any CPU.ActiveCfg = Debug|Any CPU
		{AFCE0299-A701-4648-9D3D-CC0084F85259}.Debug|Any CPU.Build.0 = Debug|Any CPU
		{AFCE0299-A701-4648-9D3D-CC0084F85259}.Release|Any CPU.ActiveCfg = Release|Any CPU
		{AFCE0299-A701-4648-9D3D-CC0084F85259}.Release|Any CPU.Build.0 = Release|Any CPU
	EndGlobalSection
	GlobalSection(SolutionProperties) = preSolution
		HideSolutionNode = FALSE
	EndGlobalSection
	GlobalSection(ExtensibilityGlobals) = postSolution
		SolutionGuid = {2A85C61F-B68F-44E2-879C-5DEE6EB01C56}
	EndGlobalSection
EndGlobal
